
Microsoft Visual Studio Solution File, Format Version 12.00
# Visual Studio Version 17
VisualStudioVersion = 17.10.34916.146
MinimumVisualStudioVersion = 10.0.40219.1
Project("{FAE04EC0-301F-11D3-BF4B-00C04F79EFBC}") = "Tasket", "Tasket\Tasket.csproj", "{29D9D0F4-DB60-49F2-BC9A-3F4C1D5E86CD}"
EndProject
Project("{FAE04EC0-301F-11D3-BF4B-00C04F79EFBC}") = "Tasket.Client", "Tasket.Client\Tasket.Client.csproj", "{A15968B7-86E5-477D-9CEC-9E8170D907FC}"
EndProject
Global
	GlobalSection(SolutionConfigurationPlatforms) = preSolution
		Debug|Any CPU = Debug|Any CPU
		Release|Any CPU = Release|Any CPU
	EndGlobalSection
	GlobalSection(ProjectConfigurationPlatforms) = postSolution
		{29D9D0F4-DB60-49F2-BC9A-3F4C1D5E86CD}.Debug|Any CPU.ActiveCfg = Debug|Any CPU
		{29D9D0F4-DB60-49F2-BC9A-3F4C1D5E86CD}.Debug|Any CPU.Build.0 = Debug|Any CPU
		{29D9D0F4-DB60-49F2-BC9A-3F4C1D5E86CD}.Release|Any CPU.ActiveCfg = Release|Any CPU
		{29D9D0F4-DB60-49F2-BC9A-3F4C1D5E86CD}.Release|Any CPU.Build.0 = Release|Any CPU
		{A15968B7-86E5-477D-9CEC-9E8170D907FC}.Debug|Any CPU.ActiveCfg = Debug|Any CPU
		{A15968B7-86E5-477D-9CEC-9E8170D907FC}.Debug|Any CPU.Build.0 = Debug|Any CPU
		{A15968B7-86E5-477D-9CEC-9E8170D907FC}.Release|Any CPU.ActiveCfg = Release|Any CPU
		{A15968B7-86E5-477D-9CEC-9E8170D907FC}.Release|Any CPU.Build.0 = Release|Any CPU
	EndGlobalSection
	GlobalSection(SolutionProperties) = preSolution
		HideSolutionNode = FALSE
	EndGlobalSection
	GlobalSection(ExtensibilityGlobals) = postSolution
		SolutionGuid = {E64B7847-21B0-452F-A586-C3E84890117B}
	EndGlobalSection
EndGlobal
